
using System;
using System.Collections.Generic;
using System.Linq;
using System.Text;
using System.Threading.Tasks;

namespace DevEducation1
{
    class Program
    {
        static void Main(string[] args)
        {
           Console.WriteLine("Hello World !!!");//выводит в консоль Hello World
            Console.ReadKey();//консоль не закроется автоматически ,а будет ждать нажатия кнопки от пользователя
        } 
    }
}
